{
  "nodes": {
    "mini-nvim": {
      "flake": false,
      "locked": {
        "lastModified": 1712417295,
        "narHash": "sha256-4pQZyTVgBxzWmbikPOUAiXBLsXlLGpj5AhWLF2DqN4Y=",
        "owner": "echasnovski",
        "repo": "mini.nvim",
        "rev": "d0b297ab233a57bed00ab69bd66135dee111967f",
        "type": "github"
      },
      "original": {
        "owner": "echasnovski",
        "repo": "mini.nvim",
        "type": "github"
      }
    },
    "nixpkgs": {
      "locked": {
        "lastModified": 1712439257,
        "narHash": "sha256-aSpiNepFOMk9932HOax0XwNxbA38GOUVOiXfUVPOrck=",
        "owner": "NixOS",
        "repo": "nixpkgs",
        "rev": "ff0dbd94265ac470dda06a657d5fe49de93b4599",
        "type": "github"
      },
      "original": {
        "owner": "NixOS",
        "ref": "nixos-unstable",
        "repo": "nixpkgs",
        "type": "github"
      }
    },
    "root": {
      "inputs": {
        "mini-nvim": "mini-nvim",
        "nixpkgs": "nixpkgs",
        "vim-varnish": "vim-varnish"
      }
    },
    "vim-varnish": {
      "flake": false,
      "locked": {
        "lastModified": 1707645768,
        "narHash": "sha256-rdAkh8gqHoiv9eFuHujdf8+YhOvXwtYjtm0/PjCNaOM=",
        "owner": "varnishcache-friends",
        "repo": "vim-varnish",
        "rev": "01458458f20831d43045423344bcb70a40d04b0f",
        "type": "github"
      },
      "original": {
        "owner": "varnishcache-friends",
        "repo": "vim-varnish",
        "type": "github"
      }
    }
  },
  "root": "root",
  "version": 7
}
