{
  "nodes": {
    "nixpkgs": {
      "locked": {
        "lastModified": 1754214453,
        "narHash": "sha256-Q/I2xJn/j1wpkGhWkQnm20nShYnG7TI99foDBpXm1SY=",
        "owner": "NixOS",
        "repo": "nixpkgs",
        "rev": "5b09dc45f24cf32316283e62aec81ffee3c3e376",
        "type": "github"
      },
      "original": {
        "owner": "NixOS",
        "ref": "nixos-unstable",
        "repo": "nixpkgs",
        "type": "github"
      }
    },
    "root": {
      "inputs": {
        "nixpkgs": "nixpkgs",
        "systems": "systems",
        "treefmt-nix": "treefmt-nix",
        "vim-varnish": "vim-varnish"
      }
    },
    "systems": {
      "locked": {
        "lastModified": 1681028828,
        "narHash": "sha256-Vy1rq5AaRuLzOxct8nz4T6wlgyUR7zLU309k9mBC768=",
        "owner": "nix-systems",
        "repo": "default",
        "rev": "da67096a3b9bf56a91d16901293e51ba5b49a27e",
        "type": "github"
      },
      "original": {
        "id": "systems",
        "type": "indirect"
      }
    },
    "treefmt-nix": {
      "inputs": {
        "nixpkgs": [
          "nixpkgs"
        ]
      },
      "locked": {
        "lastModified": 1754481157,
        "narHash": "sha256-jw437PMQtx652SpATpvHnnIRrtvwMMz2pNwZKn8QeOg=",
        "owner": "numtide",
        "repo": "treefmt-nix",
        "rev": "861c262ae97d60a3e5be305349a56779763a98ab",
        "type": "github"
      },
      "original": {
        "owner": "numtide",
        "repo": "treefmt-nix",
        "type": "github"
      }
    },
    "vim-varnish": {
      "flake": false,
      "locked": {
        "lastModified": 1707645768,
        "narHash": "sha256-rdAkh8gqHoiv9eFuHujdf8+YhOvXwtYjtm0/PjCNaOM=",
        "owner": "varnishcache-friends",
        "repo": "vim-varnish",
        "rev": "01458458f20831d43045423344bcb70a40d04b0f",
        "type": "github"
      },
      "original": {
        "owner": "varnishcache-friends",
        "repo": "vim-varnish",
        "type": "github"
      }
    }
  },
  "root": "root",
  "version": 7
}
