{
  "nodes": {
    "mini-nvim": {
      "flake": false,
      "locked": {
        "lastModified": 1726227426,
        "narHash": "sha256-kDxD5FdM6VeKZWiHYxqzl8F9ZwwEmBcTVPQFPRqiVMs=",
        "owner": "echasnovski",
        "repo": "mini.nvim",
        "rev": "e50cf9de614500a20e47cfc50e30a100042f91c3",
        "type": "github"
      },
      "original": {
        "owner": "echasnovski",
        "repo": "mini.nvim",
        "type": "github"
      }
    },
    "nixpkgs": {
      "locked": {
        "lastModified": 1726243404,
        "narHash": "sha256-sjiGsMh+1cWXb53Tecsm4skyFNag33GPbVgCdfj3n9I=",
        "owner": "NixOS",
        "repo": "nixpkgs",
        "rev": "345c263f2f53a3710abe117f28a5cb86d0ba4059",
        "type": "github"
      },
      "original": {
        "owner": "NixOS",
        "ref": "nixos-unstable",
        "repo": "nixpkgs",
        "type": "github"
      }
    },
    "root": {
      "inputs": {
        "mini-nvim": "mini-nvim",
        "nixpkgs": "nixpkgs",
        "vim-varnish": "vim-varnish"
      }
    },
    "vim-varnish": {
      "flake": false,
      "locked": {
        "lastModified": 1707645768,
        "narHash": "sha256-rdAkh8gqHoiv9eFuHujdf8+YhOvXwtYjtm0/PjCNaOM=",
        "owner": "varnishcache-friends",
        "repo": "vim-varnish",
        "rev": "01458458f20831d43045423344bcb70a40d04b0f",
        "type": "github"
      },
      "original": {
        "owner": "varnishcache-friends",
        "repo": "vim-varnish",
        "type": "github"
      }
    }
  },
  "root": "root",
  "version": 7
}
